// !$*UTF8*$!
{
	archiveVersion = 1;
	classes = {
	};
	objectVersion = 50;
	objects = {

/* Begin PBXBuildFile section */
		B84612C823FB39E900F2AED7 /* AppDelegate.swift in Sources */ = {isa = PBXBuildFile; fileRef = B84612C723FB39E900F2AED7 /* AppDelegate.swift */; };
		B84612CA23FB39E900F2AED7 /* SceneDelegate.swift in Sources */ = {isa = PBXBuildFile; fileRef = B84612C923FB39E900F2AED7 /* SceneDelegate.swift */; };
		B84612CC23FB39E900F2AED7 /* ViewController.swift in Sources */ = {isa = PBXBuildFile; fileRef = B84612CB23FB39E900F2AED7 /* ViewController.swift */; };
		B84612CF23FB39E900F2AED7 /* Main.storyboard in Resources */ = {isa = PBXBuildFile; fileRef = B84612CD23FB39E900F2AED7 /* Main.storyboard */; };
		B84612D123FB39EC00F2AED7 /* Assets.xcassets in Resources */ = {isa = PBXBuildFile; fileRef = B84612D023FB39EC00F2AED7 /* Assets.xcassets */; };
		B84612D423FB39EC00F2AED7 /* LaunchScreen.storyboard in Resources */ = {isa = PBXBuildFile; fileRef = B84612D223FB39EC00F2AED7 /* LaunchScreen.storyboard */; };
		B84612DF23FB39EC00F2AED7 /* FlixTests.swift in Sources */ = {isa = PBXBuildFile; fileRef = B84612DE23FB39EC00F2AED7 /* FlixTests.swift */; };
		B84612EA23FB39EC00F2AED7 /* FlixUITests.swift in Sources */ = {isa = PBXBuildFile; fileRef = B84612E923FB39EC00F2AED7 /* FlixUITests.swift */; };
/* End PBXBuildFile section */

/* Begin PBXContainerItemProxy section */
		B84612DB23FB39EC00F2AED7 /* PBXContainerItemProxy */ = {
			isa = PBXContainerItemProxy;
			containerPortal = B84612BC23FB39E900F2AED7 /* Project object */;
			proxyType = 1;
			remoteGlobalIDString = B84612C323FB39E900F2AED7;
			remoteInfo = Flix;
		};
		B84612E623FB39EC00F2AED7 /* PBXContainerItemProxy */ = {
			isa = PBXContainerItemProxy;
			containerPortal = B84612BC23FB39E900F2AED7 /* Project object */;
			proxyType = 1;
			remoteGlobalIDString = B84612C323FB39E900F2AED7;
			remoteInfo = Flix;
		};
/* End PBXContainerItemProxy section */

/* Begin PBXFileReference section */
		B84612C423FB39E900F2AED7 /* Flix.app */ = {isa = PBXFileReference; explicitFileType = wrapper.application; includeInIndex = 0; path = Flix.app; sourceTree = BUILT_PRODUCTS_DIR; };
		B84612C723FB39E900F2AED7 /* AppDelegate.swift */ = {isa = PBXFileReference; lastKnownFileType = sourcecode.swift; path = AppDelegate.swift; sourceTree = "<group>"; };
		B84612C923FB39E900F2AED7 /* SceneDelegate.swift */ = {isa = PBXFileReference; lastKnownFileType = sourcecode.swift; path = SceneDelegate.swift; sourceTree = "<group>"; };
		B84612CB23FB39E900F2AED7 /* ViewController.swift */ = {isa = PBXFileReference; lastKnownFileType = sourcecode.swift; path = ViewController.swift; sourceTree = "<group>"; };
		B84612CE23FB39E900F2AED7 /* Base */ = {isa = PBXFileReference; lastKnownFileType = file.storyboard; name = Base; path = Base.lproj/Main.storyboard; sourceTree = "<group>"; };
		B84612D023FB39EC00F2AED7 /* Assets.xcassets */ = {isa = PBXFileReference; lastKnownFileType = folder.assetcatalog; path = Assets.xcassets; sourceTree = "<group>"; };
		B84612D323FB39EC00F2AED7 /* Base */ = {isa = PBXFileReference; lastKnownFileType = file.storyboard; name = Base; path = Base.lproj/LaunchScreen.storyboard; sourceTree = "<group>"; };
		B84612D523FB39EC00F2AED7 /* Info.plist */ = {isa = PBXFileReference; lastKnownFileType = text.plist.xml; path = Info.plist; sourceTree = "<group>"; };
		B84612DA23FB39EC00F2AED7 /* FlixTests.xctest */ = {isa = PBXFileReference; explicitFileType = wrapper.cfbundle; includeInIndex = 0; path = FlixTests.xctest; sourceTree = BUILT_PRODUCTS_DIR; };
		B84612DE23FB39EC00F2AED7 /* FlixTests.swift */ = {isa = PBXFileReference; lastKnownFileType = sourcecode.swift; path = FlixTests.swift; sourceTree = "<group>"; };
		B84612E023FB39EC00F2AED7 /* Info.plist */ = {isa = PBXFileReference; lastKnownFileType = text.plist.xml; path = Info.plist; sourceTree = "<group>"; };
		B84612E523FB39EC00F2AED7 /* FlixUITests.xctest */ = {isa = PBXFileReference; explicitFileType = wrapper.cfbundle; includeInIndex = 0; path = FlixUITests.xctest; sourceTree = BUILT_PRODUCTS_DIR; };
		B84612E923FB39EC00F2AED7 /* FlixUITests.swift */ = {isa = PBXFileReference; lastKnownFileType = sourcecode.swift; path = FlixUITests.swift; sourceTree = "<group>"; };
		B84612EB23FB39EC00F2AED7 /* Info.plist */ = {isa = PBXFileReference; lastKnownFileType = text.plist.xml; path = Info.plist; sourceTree = "<group>"; };
/* End PBXFileReference section */

/* Begin PBXFrameworksBuildPhase section */
		B84612C123FB39E900F2AED7 /* Frameworks */ = {
			isa = PBXFrameworksBuildPhase;
			buildActionMask = 2147483647;
			files = (
			);
			runOnlyForDeploymentPostprocessing = 0;
		};
		B84612D723FB39EC00F2AED7 /* Frameworks */ = {
			isa = PBXFrameworksBuildPhase;
			buildActionMask = 2147483647;
			files = (
			);
			runOnlyForDeploymentPostprocessing = 0;
		};
		B84612E223FB39EC00F2AED7 /* Frameworks */ = {
			isa = PBXFrameworksBuildPhase;
			buildActionMask = 2147483647;
			files = (
			);
			runOnlyForDeploymentPostprocessing = 0;
		};
/* End PBXFrameworksBuildPhase section */

/* Begin PBXGroup section */
		B84612BB23FB39E900F2AED7 = {
			isa = PBXGroup;
			children = (
				B84612C623FB39E900F2AED7 /* Flix */,
				B84612DD23FB39EC00F2AED7 /* FlixTests */,
				B84612E823FB39EC00F2AED7 /* FlixUITests */,
				B84612C523FB39E900F2AED7 /* Products */,
			);
			sourceTree = "<group>";
		};
		B84612C523FB39E900F2AED7 /* Products */ = {
			isa = PBXGroup;
			children = (
				B84612C423FB39E900F2AED7 /* Flix.app */,
				B84612DA23FB39EC00F2AED7 /* FlixTests.xctest */,
				B84612E523FB39EC00F2AED7 /* FlixUITests.xctest */,
			);
			name = Products;
			sourceTree = "<group>";
		};
		B84612C623FB39E900F2AED7 /* Flix */ = {
			isa = PBXGroup;
			children = (
				B84612C723FB39E900F2AED7 /* AppDelegate.swift */,
				B84612C923FB39E900F2AED7 /* SceneDelegate.swift */,
				B84612CB23FB39E900F2AED7 /* ViewController.swift */,
				B84612CD23FB39E900F2AED7 /* Main.storyboard */,
				B84612D023FB39EC00F2AED7 /* Assets.xcassets */,
				B84612D223FB39EC00F2AED7 /* LaunchScreen.storyboard */,
				B84612D523FB39EC00F2AED7 /* Info.plist */,
			);
			path = Flix;
			sourceTree = "<group>";
		};
		B84612DD23FB39EC00F2AED7 /* FlixTests */ = {
			isa = PBXGroup;
			children = (
				B84612DE23FB39EC00F2AED7 /* FlixTests.swift */,
				B84612E023FB39EC00F2AED7 /* Info.plist */,
			);
			path = FlixTests;
			sourceTree = "<group>";
		};
		B84612E823FB39EC00F2AED7 /* FlixUITests */ = {
			isa = PBXGroup;
			children = (
				B84612E923FB39EC00F2AED7 /* FlixUITests.swift */,
				B84612EB23FB39EC00F2AED7 /* Info.plist */,
			);
			path = FlixUITests;
			sourceTree = "<group>";
		};
/* End PBXGroup section */

/* Begin PBXNativeTarget section */
		B84612C323FB39E900F2AED7 /* Flix */ = {
			isa = PBXNativeTarget;
			buildConfigurationList = B84612EE23FB39EC00F2AED7 /* Build configuration list for PBXNativeTarget "Flix" */;
			buildPhases = (
				B84612C023FB39E900F2AED7 /* Sources */,
				B84612C123FB39E900F2AED7 /* Frameworks */,
				B84612C223FB39E900F2AED7 /* Resources */,
			);
			buildRules = (
			);
			dependencies = (
			);
			name = Flix;
			productName = Flix;
			productReference = B84612C423FB39E900F2AED7 /* Flix.app */;
			productType = "com.apple.product-type.application";
		};
		B84612D923FB39EC00F2AED7 /* FlixTests */ = {
			isa = PBXNativeTarget;
			buildConfigurationList = B84612F123FB39EC00F2AED7 /* Build configuration list for PBXNativeTarget "FlixTests" */;
			buildPhases = (
				B84612D623FB39EC00F2AED7 /* Sources */,
				B84612D723FB39EC00F2AED7 /* Frameworks */,
				B84612D823FB39EC00F2AED7 /* Resources */,
			);
			buildRules = (
			);
			dependencies = (
				B84612DC23FB39EC00F2AED7 /* PBXTargetDependency */,
			);
			name = FlixTests;
			productName = FlixTests;
			productReference = B84612DA23FB39EC00F2AED7 /* FlixTests.xctest */;
			productType = "com.apple.product-type.bundle.unit-test";
		};
		B84612E423FB39EC00F2AED7 /* FlixUITests */ = {
			isa = PBXNativeTarget;
			buildConfigurationList = B84612F423FB39EC00F2AED7 /* Build configuration list for PBXNativeTarget "FlixUITests" */;
			buildPhases = (
				B84612E123FB39EC00F2AED7 /* Sources */,
				B84612E223FB39EC00F2AED7 /* Frameworks */,
				B84612E323FB39EC00F2AED7 /* Resources */,
			);
			buildRules = (
			);
			dependencies = (
				B84612E723FB39EC00F2AED7 /* PBXTargetDependency */,
			);
			name = FlixUITests;
			productName = FlixUITests;
			productReference = B84612E523FB39EC00F2AED7 /* FlixUITests.xctest */;
			productType = "com.apple.product-type.bundle.ui-testing";
		};
/* End PBXNativeTarget section */

/* Begin PBXProject section */
		B84612BC23FB39E900F2AED7 /* Project object */ = {
			isa = PBXProject;
			attributes = {
				LastSwiftUpdateCheck = 1130;
				LastUpgradeCheck = 1130;
				ORGANIZATIONNAME = "Joseph Tooker";
				TargetAttributes = {
					B84612C323FB39E900F2AED7 = {
						CreatedOnToolsVersion = 11.3.1;
					};
					B84612D923FB39EC00F2AED7 = {
						CreatedOnToolsVersion = 11.3.1;
						TestTargetID = B84612C323FB39E900F2AED7;
					};
					B84612E423FB39EC00F2AED7 = {
						CreatedOnToolsVersion = 11.3.1;
						TestTargetID = B84612C323FB39E900F2AED7;
					};
				};
			};
			buildConfigurationList = B84612BF23FB39E900F2AED7 /* Build configuration list for PBXProject "Flix" */;
			compatibilityVersion = "Xcode 9.3";
			developmentRegion = en;
			hasScannedForEncodings = 0;
			knownRegions = (
				en,
				Base,
			);
			mainGroup = B84612BB23FB39E900F2AED7;
			productRefGroup = B84612C523FB39E900F2AED7 /* Products */;
			projectDirPath = "";
			projectRoot = "";
			targets = (
				B84612C323FB39E900F2AED7 /* Flix */,
				B84612D923FB39EC00F2AED7 /* FlixTests */,
				B84612E423FB39EC00F2AED7 /* FlixUITests */,
			);
		};
/* End PBXProject section */

/* Begin PBXResourcesBuildPhase section */
		B84612C223FB39E900F2AED7 /* Resources */ = {
			isa = PBXResourcesBuildPhase;
			buildActionMask = 2147483647;
			files = (
				B84612D423FB39EC00F2AED7 /* LaunchScreen.storyboard in Resources */,
				B84612D123FB39EC00F2AED7 /* Assets.xcassets in Resources */,
				B84612CF23FB39E900F2AED7 /* Main.storyboard in Resources */,
			);
			runOnlyForDeploymentPostprocessing = 0;
		};
		B84612D823FB39EC00F2AED7 /* Resources */ = {
			isa = PBXResourcesBuildPhase;
			buildActionMask = 2147483647;
			files = (
			);
			runOnlyForDeploymentPostprocessing = 0;
		};
		B84612E323FB39EC00F2AED7 /* Resources */ = {
			isa = PBXResourcesBuildPhase;
			buildActionMask = 2147483647;
			files = (
			);
			runOnlyForDeploymentPostprocessing = 0;
		};
/* End PBXResourcesBuildPhase section */

/* Begin PBXSourcesBuildPhase section */
		B84612C023FB39E900F2AED7 /* Sources */ = {
			isa = PBXSourcesBuildPhase;
			buildActionMask = 2147483647;
			files = (
				B84612CC23FB39E900F2AED7 /* ViewController.swift in Sources */,
				B84612C823FB39E900F2AED7 /* AppDelegate.swift in Sources */,
				B84612CA23FB39E900F2AED7 /* SceneDelegate.swift in Sources */,
			);
			runOnlyForDeploymentPostprocessing = 0;
		};
		B84612D623FB39EC00F2AED7 /* Sources */ = {
			isa = PBXSourcesBuildPhase;
			buildActionMask = 2147483647;
			files = (
				B84612DF23FB39EC00F2AED7 /* FlixTests.swift in Sources */,
			);
			runOnlyForDeploymentPostprocessing = 0;
		};
		B84612E123FB39EC00F2AED7 /* Sources */ = {
			isa = PBXSourcesBuildPhase;
			buildActionMask = 2147483647;
			files = (
				B84612EA23FB39EC00F2AED7 /* FlixUITests.swift in Sources */,
			);
			runOnlyForDeploymentPostprocessing = 0;
		};
/* End PBXSourcesBuildPhase section */

/* Begin PBXTargetDependency section */
		B84612DC23FB39EC00F2AED7 /* PBXTargetDependency */ = {
			isa = PBXTargetDependency;
			target = B84612C323FB39E900F2AED7 /* Flix */;
			targetProxy = B84612DB23FB39EC00F2AED7 /* PBXContainerItemProxy */;
		};
		B84612E723FB39EC00F2AED7 /* PBXTargetDependency */ = {
			isa = PBXTargetDependency;
			target = B84612C323FB39E900F2AED7 /* Flix */;
			targetProxy = B84612E623FB39EC00F2AED7 /* PBXContainerItemProxy */;
		};
/* End PBXTargetDependency section */

/* Begin PBXVariantGroup section */
		B84612CD23FB39E900F2AED7 /* Main.storyboard */ = {
			isa = PBXVariantGroup;
			children = (
				B84612CE23FB39E900F2AED7 /* Base */,
			);
			name = Main.storyboard;
			sourceTree = "<group>";
		};
		B84612D223FB39EC00F2AED7 /* LaunchScreen.storyboard */ = {
			isa = PBXVariantGroup;
			children = (
				B84612D323FB39EC00F2AED7 /* Base */,
			);
			name = LaunchScreen.storyboard;
			sourceTree = "<group>";
		};
/* End PBXVariantGroup section */

/* Begin XCBuildConfiguration section */
		B84612EC23FB39EC00F2AED7 /* Debug */ = {
			isa = XCBuildConfiguration;
			buildSettings = {
				ALWAYS_SEARCH_USER_PATHS = NO;
				CLANG_ANALYZER_NONNULL = YES;
				CLANG_ANALYZER_NUMBER_OBJECT_CONVERSION = YES_AGGRESSIVE;
				CLANG_CXX_LANGUAGE_STANDARD = "gnu++14";
				CLANG_CXX_LIBRARY = "libc++";
				CLANG_ENABLE_MODULES = YES;
				CLANG_ENABLE_OBJC_ARC = YES;
				CLANG_ENABLE_OBJC_WEAK = YES;
				CLANG_WARN_BLOCK_CAPTURE_AUTORELEASING = YES;
				CLANG_WARN_BOOL_CONVERSION = YES;
				CLANG_WARN_COMMA = YES;
				CLANG_WARN_CONSTANT_CONVERSION = YES;
				CLANG_WARN_DEPRECATED_OBJC_IMPLEMENTATIONS = YES;
				CLANG_WARN_DIRECT_OBJC_ISA_USAGE = YES_ERROR;
				CLANG_WARN_DOCUMENTATION_COMMENTS = YES;
				CLANG_WARN_EMPTY_BODY = YES;
				CLANG_WARN_ENUM_CONVERSION = YES;
				CLANG_WARN_INFINITE_RECURSION = YES;
				CLANG_WARN_INT_CONVERSION = YES;
				CLANG_WARN_NON_LITERAL_NULL_CONVERSION = YES;
				CLANG_WARN_OBJC_IMPLICIT_RETAIN_SELF = YES;
				CLANG_WARN_OBJC_LITERAL_CONVERSION = YES;
				CLANG_WARN_OBJC_ROOT_CLASS = YES_ERROR;
				CLANG_WARN_RANGE_LOOP_ANALYSIS = YES;
				CLANG_WARN_STRICT_PROTOTYPES = YES;
				CLANG_WARN_SUSPICIOUS_MOVE = YES;
				CLANG_WARN_UNGUARDED_AVAILABILITY = YES_AGGRESSIVE;
				CLANG_WARN_UNREACHABLE_CODE = YES;
				CLANG_WARN__DUPLICATE_METHOD_MATCH = YES;
				COPY_PHASE_STRIP = NO;
				DEBUG_INFORMATION_FORMAT = dwarf;
				ENABLE_STRICT_OBJC_MSGSEND = YES;
				ENABLE_TESTABILITY = YES;
				GCC_C_LANGUAGE_STANDARD = gnu11;
				GCC_DYNAMIC_NO_PIC = NO;
				GCC_NO_COMMON_BLOCKS = YES;
				GCC_OPTIMIZATION_LEVEL = 0;
				GCC_PREPROCESSOR_DEFINITIONS = (
					"DEBUG=1",
					"$(inherited)",
				);
				GCC_WARN_64_TO_32_BIT_CONVERSION = YES;
				GCC_WARN_ABOUT_RETURN_TYPE = YES_ERROR;
				GCC_WARN_UNDECLARED_SELECTOR = YES;
				GCC_WARN_UNINITIALIZED_AUTOS = YES_AGGRESSIVE;
				GCC_WARN_UNUSED_FUNCTION = YES;
				GCC_WARN_UNUSED_VARIABLE = YES;
				IPHONEOS_DEPLOYMENT_TARGET = 13.2;
				MTL_ENABLE_DEBUG_INFO = INCLUDE_SOURCE;
				MTL_FAST_MATH = YES;
				ONLY_ACTIVE_ARCH = YES;
				SDKROOT = iphoneos;
				SWIFT_ACTIVE_COMPILATION_CONDITIONS = DEBUG;
				SWIFT_OPTIMIZATION_LEVEL = "-Onone";
			};
			name = Debug;
		};
		B84612ED23FB39EC00F2AED7 /* Release */ = {
			isa = XCBuildConfiguration;
			buildSettings = {
				ALWAYS_SEARCH_USER_PATHS = NO;
				CLANG_ANALYZER_NONNULL = YES;
				CLANG_ANALYZER_NUMBER_OBJECT_CONVERSION = YES_AGGRESSIVE;
				CLANG_CXX_LANGUAGE_STANDARD = "gnu++14";
				CLANG_CXX_LIBRARY = "libc++";
				CLANG_ENABLE_MODULES = YES;
				CLANG_ENABLE_OBJC_ARC = YES;
				CLANG_ENABLE_OBJC_WEAK = YES;
				CLANG_WARN_BLOCK_CAPTURE_AUTORELEASING = YES;
				CLANG_WARN_BOOL_CONVERSION = YES;
				CLANG_WARN_COMMA = YES;
				CLANG_WARN_CONSTANT_CONVERSION = YES;
				CLANG_WARN_DEPRECATED_OBJC_IMPLEMENTATIONS = YES;
				CLANG_WARN_DIRECT_OBJC_ISA_USAGE = YES_ERROR;
				CLANG_WARN_DOCUMENTATION_COMMENTS = YES;
				CLANG_WARN_EMPTY_BODY = YES;
				CLANG_WARN_ENUM_CONVERSION = YES;
				CLANG_WARN_INFINITE_RECURSION = YES;
				CLANG_WARN_INT_CONVERSION = YES;
				CLANG_WARN_NON_LITERAL_NULL_CONVERSION = YES;
				CLANG_WARN_OBJC_IMPLICIT_RETAIN_SELF = YES;
				CLANG_WARN_OBJC_LITERAL_CONVERSION = YES;
				CLANG_WARN_OBJC_ROOT_CLASS = YES_ERROR;
				CLANG_WARN_RANGE_LOOP_ANALYSIS = YES;
				CLANG_WARN_STRICT_PROTOTYPES = YES;
				CLANG_WARN_SUSPICIOUS_MOVE = YES;
				CLANG_WARN_UNGUARDED_AVAILABILITY = YES_AGGRESSIVE;
				CLANG_WARN_UNREACHABLE_CODE = YES;
				CLANG_WARN__DUPLICATE_METHOD_MATCH = YES;
				COPY_PHASE_STRIP = NO;
				DEBUG_INFORMATION_FORMAT = "dwarf-with-dsym";
				ENABLE_NS_ASSERTIONS = NO;
				ENABLE_STRICT_OBJC_MSGSEND = YES;
				GCC_C_LANGUAGE_STANDARD = gnu11;
				GCC_NO_COMMON_BLOCKS = YES;
				GCC_WARN_64_TO_32_BIT_CONVERSION = YES;
				GCC_WARN_ABOUT_RETURN_TYPE = YES_ERROR;
				GCC_WARN_UNDECLARED_SELECTOR = YES;
				GCC_WARN_UNINITIALIZED_AUTOS = YES_AGGRESSIVE;
				GCC_WARN_UNUSED_FUNCTION = YES;
				GCC_WARN_UNUSED_VARIABLE = YES;
				IPHONEOS_DEPLOYMENT_TARGET = 13.2;
				MTL_ENABLE_DEBUG_INFO = NO;
				MTL_FAST_MATH = YES;
				SDKROOT = iphoneos;
				SWIFT_COMPILATION_MODE = wholemodule;
				SWIFT_OPTIMIZATION_LEVEL = "-O";
				VALIDATE_PRODUCT = YES;
			};
			name = Release;
		};
		B84612EF23FB39EC00F2AED7 /* Debug */ = {
			isa = XCBuildConfiguration;
			buildSettings = {
				ASSETCATALOG_COMPILER_APPICON_NAME = AppIcon;
				CODE_SIGN_STYLE = Automatic;
				INFOPLIST_FILE = Flix/Info.plist;
				LD_RUNPATH_SEARCH_PATHS = (
					"$(inherited)",
					"@executable_path/Frameworks",
				);
				PRODUCT_BUNDLE_IDENTIFIER = com.JosephTooker.Flix;
				PRODUCT_NAME = "$(TARGET_NAME)";
				SWIFT_VERSION = 5.0;
				TARGETED_DEVICE_FAMILY = "1,2";
			};
			name = Debug;
		};
		B84612F023FB39EC00F2AED7 /* Release */ = {
			isa = XCBuildConfiguration;
			buildSettings = {
				ASSETCATALOG_COMPILER_APPICON_NAME = AppIcon;
				CODE_SIGN_STYLE = Automatic;
				INFOPLIST_FILE = Flix/Info.plist;
				LD_RUNPATH_SEARCH_PATHS = (
					"$(inherited)",
					"@executable_path/Frameworks",
				);
				PRODUCT_BUNDLE_IDENTIFIER = com.JosephTooker.Flix;
				PRODUCT_NAME = "$(TARGET_NAME)";
				SWIFT_VERSION = 5.0;
				TARGETED_DEVICE_FAMILY = "1,2";
			};
			name = Release;
		};
		B84612F223FB39EC00F2AED7 /* Debug */ = {
			isa = XCBuildConfiguration;
			buildSettings = {
				ALWAYS_EMBED_SWIFT_STANDARD_LIBRARIES = YES;
				BUNDLE_LOADER = "$(TEST_HOST)";
				CODE_SIGN_STYLE = Automatic;
				INFOPLIST_FILE = FlixTests/Info.plist;
				IPHONEOS_DEPLOYMENT_TARGET = 13.2;
				LD_RUNPATH_SEARCH_PATHS = (
					"$(inherited)",
					"@executable_path/Frameworks",
					"@loader_path/Frameworks",
				);
				PRODUCT_BUNDLE_IDENTIFIER = com.JosephTooker.FlixTests;
				PRODUCT_NAME = "$(TARGET_NAME)";
				SWIFT_VERSION = 5.0;
				TARGETED_DEVICE_FAMILY = "1,2";
				TEST_HOST = "$(BUILT_PRODUCTS_DIR)/Flix.app/Flix";
			};
			name = Debug;
		};
		B84612F323FB39EC00F2AED7 /* Release */ = {
			isa = XCBuildConfiguration;
			buildSettings = {
				ALWAYS_EMBED_SWIFT_STANDARD_LIBRARIES = YES;
				BUNDLE_LOADER = "$(TEST_HOST)";
				CODE_SIGN_STYLE = Automatic;
				INFOPLIST_FILE = FlixTests/Info.plist;
				IPHONEOS_DEPLOYMENT_TARGET = 13.2;
				LD_RUNPATH_SEARCH_PATHS = (
					"$(inherited)",
					"@executable_path/Frameworks",
					"@loader_path/Frameworks",
				);
				PRODUCT_BUNDLE_IDENTIFIER = com.JosephTooker.FlixTests;
				PRODUCT_NAME = "$(TARGET_NAME)";
				SWIFT_VERSION = 5.0;
				TARGETED_DEVICE_FAMILY = "1,2";
				TEST_HOST = "$(BUILT_PRODUCTS_DIR)/Flix.app/Flix";
			};
			name = Release;
		};
		B84612F523FB39EC00F2AED7 /* Debug */ = {
			isa = XCBuildConfiguration;
			buildSettings = {
				ALWAYS_EMBED_SWIFT_STANDARD_LIBRARIES = YES;
				CODE_SIGN_STYLE = Automatic;
				INFOPLIST_FILE = FlixUITests/Info.plist;
				LD_RUNPATH_SEARCH_PATHS = (
					"$(inherited)",
					"@executable_path/Frameworks",
					"@loader_path/Frameworks",
				);
				PRODUCT_BUNDLE_IDENTIFIER = com.JosephTooker.FlixUITests;
				PRODUCT_NAME = "$(TARGET_NAME)";
				SWIFT_VERSION = 5.0;
				TARGETED_DEVICE_FAMILY = "1,2";
				TEST_TARGET_NAME = Flix;
			};
			name = Debug;
		};
		B84612F623FB39EC00F2AED7 /* Release */ = {
			isa = XCBuildConfiguration;
			buildSettings = {
				ALWAYS_EMBED_SWIFT_STANDARD_LIBRARIES = YES;
				CODE_SIGN_STYLE = Automatic;
				INFOPLIST_FILE = FlixUITests/Info.plist;
				LD_RUNPATH_SEARCH_PATHS = (
					"$(inherited)",
					"@executable_path/Frameworks",
					"@loader_path/Frameworks",
				);
				PRODUCT_BUNDLE_IDENTIFIER = com.JosephTooker.FlixUITests;
				PRODUCT_NAME = "$(TARGET_NAME)";
				SWIFT_VERSION = 5.0;
				TARGETED_DEVICE_FAMILY = "1,2";
				TEST_TARGET_NAME = Flix;
			};
			name = Release;
		};
/* End XCBuildConfiguration section */

/* Begin XCConfigurationList section */
		B84612BF23FB39E900F2AED7 /* Build configuration list for PBXProject "Flix" */ = {
			isa = XCConfigurationList;
			buildConfigurations = (
				B84612EC23FB39EC00F2AED7 /* Debug */,
				B84612ED23FB39EC00F2AED7 /* Release */,
			);
			defaultConfigurationIsVisible = 0;
			defaultConfigurationName = Release;
		};
		B84612EE23FB39EC00F2AED7 /* Build configuration list for PBXNativeTarget "Flix" */ = {
			isa = XCConfigurationList;
			buildConfigurations = (
				B84612EF23FB39EC00F2AED7 /* Debug */,
				B84612F023FB39EC00F2AED7 /* Release */,
			);
			defaultConfigurationIsVisible = 0;
			defaultConfigurationName = Release;
		};
		B84612F123FB39EC00F2AED7 /* Build configuration list for PBXNativeTarget "FlixTests" */ = {
			isa = XCConfigurationList;
			buildConfigurations = (
				B84612F223FB39EC00F2AED7 /* Debug */,
				B84612F323FB39EC00F2AED7 /* Release */,
			);
			defaultConfigurationIsVisible = 0;
			defaultConfigurationName = Release;
		};
		B84612F423FB39EC00F2AED7 /* Build configuration list for PBXNativeTarget "FlixUITests" */ = {
			isa = XCConfigurationList;
			buildConfigurations = (
				B84612F523FB39EC00F2AED7 /* Debug */,
				B84612F623FB39EC00F2AED7 /* Release */,
			);
			defaultConfigurationIsVisible = 0;
			defaultConfigurationName = Release;
		};
/* End XCConfigurationList section */
	};
	rootObject = B84612BC23FB39E900F2AED7 /* Project object */;
}
